// !$*UTF8*$!
{
	archiveVersion = 1;
	classes = {
	};
	objectVersion = 46;
	objects = {

/* Begin PBXBuildFile section */
		BA2E1A521E618D170097892A /* ProfileViewController.swift in Sources */ = {isa = PBXBuildFile; fileRef = BA2E1A511E618D170097892A /* ProfileViewController.swift */; };
		BA2E1A541E618D310097892A /* ProfilePresenter.swift in Sources */ = {isa = PBXBuildFile; fileRef = BA2E1A531E618D310097892A /* ProfilePresenter.swift */; };
		BA2E1A561E618D420097892A /* ProfileRouter.swift in Sources */ = {isa = PBXBuildFile; fileRef = BA2E1A551E618D420097892A /* ProfileRouter.swift */; };
		BA2E1A591E6195EA0097892A /* UIViewControllerExtension.swift in Sources */ = {isa = PBXBuildFile; fileRef = BA2E1A581E6195EA0097892A /* UIViewControllerExtension.swift */; };
		BA2E1A5B1E6196250097892A /* Localizable.strings in Resources */ = {isa = PBXBuildFile; fileRef = BA2E1A5A1E6196250097892A /* Localizable.strings */; };
		BA2E1A5D1E61A0B20097892A /* GetUserInfoInteractor.swift in Sources */ = {isa = PBXBuildFile; fileRef = BA2E1A5C1E61A0B20097892A /* GetUserInfoInteractor.swift */; };
		BA2E1A5F1E61A1420097892A /* UserInfoResponseEntity.swift in Sources */ = {isa = PBXBuildFile; fileRef = BA2E1A5E1E61A1420097892A /* UserInfoResponseEntity.swift */; };
		BA2E1A611E61A17F0097892A /* UserInfoEntity.swift in Sources */ = {isa = PBXBuildFile; fileRef = BA2E1A601E61A17F0097892A /* UserInfoEntity.swift */; };
		BA2E1A631E61A2160097892A /* UserInfoCountEntity.swift in Sources */ = {isa = PBXBuildFile; fileRef = BA2E1A621E61A2160097892A /* UserInfoCountEntity.swift */; };
		BA2E1A651E61D98E0097892A /* UIImageViewExtension.swift in Sources */ = {isa = PBXBuildFile; fileRef = BA2E1A641E61D98E0097892A /* UIImageViewExtension.swift */; };
		BADB493E1E6066C900278A4D /* AppDelegate.swift in Sources */ = {isa = PBXBuildFile; fileRef = BADB493D1E6066C900278A4D /* AppDelegate.swift */; };
		BADB49401E6066C900278A4D /* LoginViewController.swift in Sources */ = {isa = PBXBuildFile; fileRef = BADB493F1E6066C900278A4D /* LoginViewController.swift */; };
		BADB49431E6066C900278A4D /* Main.storyboard in Resources */ = {isa = PBXBuildFile; fileRef = BADB49411E6066C900278A4D /* Main.storyboard */; };
		BADB49451E6066C900278A4D /* Assets.xcassets in Resources */ = {isa = PBXBuildFile; fileRef = BADB49441E6066C900278A4D /* Assets.xcassets */; };
		BADB49481E6066C900278A4D /* LaunchScreen.storyboard in Resources */ = {isa = PBXBuildFile; fileRef = BADB49461E6066C900278A4D /* LaunchScreen.storyboard */; };
		BADB49561E607B1000278A4D /* RetreiveTokenInteractor.swift in Sources */ = {isa = PBXBuildFile; fileRef = BADB49551E607B1000278A4D /* RetreiveTokenInteractor.swift */; };
		BADB49581E607B2B00278A4D /* LoginRouter.swift in Sources */ = {isa = PBXBuildFile; fileRef = BADB49571E607B2B00278A4D /* LoginRouter.swift */; };
		BADB495B1E607FF200278A4D /* GlobalViewController.swift in Sources */ = {isa = PBXBuildFile; fileRef = BADB495A1E607FF200278A4D /* GlobalViewController.swift */; };
		BADB495E1E60808900278A4D /* MIChart.swift in Sources */ = {isa = PBXBuildFile; fileRef = BADB495D1E60808900278A4D /* MIChart.swift */; };
		BADB49601E60831A00278A4D /* Constantes.swift in Sources */ = {isa = PBXBuildFile; fileRef = BADB495F1E60831A00278A4D /* Constantes.swift */; };
		BADB49621E60833F00278A4D /* LoginPresenter.swift in Sources */ = {isa = PBXBuildFile; fileRef = BADB49611E60833F00278A4D /* LoginPresenter.swift */; };
		BADB49641E60845100278A4D /* GlobalRouter.swift in Sources */ = {isa = PBXBuildFile; fileRef = BADB49631E60845100278A4D /* GlobalRouter.swift */; };
		BADB49681E60884700278A4D /* InstagramService.swift in Sources */ = {isa = PBXBuildFile; fileRef = BADB49671E60884700278A4D /* InstagramService.swift */; };
		BADB496A1E608A2400278A4D /* Environment.swift in Sources */ = {isa = PBXBuildFile; fileRef = BADB49691E608A2400278A4D /* Environment.swift */; };
		BADB496C1E608D9000278A4D /* ServicesManager.swift in Sources */ = {isa = PBXBuildFile; fileRef = BADB496B1E608D9000278A4D /* ServicesManager.swift */; };
		BADB496E1E609CC700278A4D /* UserDefaultsManager.swift in Sources */ = {isa = PBXBuildFile; fileRef = BADB496D1E609CC700278A4D /* UserDefaultsManager.swift */; };
		BADB49701E609E0C00278A4D /* StringExtension.swift in Sources */ = {isa = PBXBuildFile; fileRef = BADB496F1E609E0C00278A4D /* StringExtension.swift */; };
		CC05A59DF6BEBD2C176704D5 /* Pods_myinsta.framework in Frameworks */ = {isa = PBXBuildFile; fileRef = 70A11621BAF196829456C43E /* Pods_myinsta.framework */; };
/* End PBXBuildFile section */

/* Begin PBXFileReference section */
		19ED76B48732932163E03BF5 /* Pods-myinsta.debug.xcconfig */ = {isa = PBXFileReference; includeInIndex = 1; lastKnownFileType = text.xcconfig; name = "Pods-myinsta.debug.xcconfig"; path = "Pods/Target Support Files/Pods-myinsta/Pods-myinsta.debug.xcconfig"; sourceTree = "<group>"; };
		70A11621BAF196829456C43E /* Pods_myinsta.framework */ = {isa = PBXFileReference; explicitFileType = wrapper.framework; includeInIndex = 0; path = Pods_myinsta.framework; sourceTree = BUILT_PRODUCTS_DIR; };
		B2274D45D9A4B2F19ABC8651 /* Pods-myinsta.release.xcconfig */ = {isa = PBXFileReference; includeInIndex = 1; lastKnownFileType = text.xcconfig; name = "Pods-myinsta.release.xcconfig"; path = "Pods/Target Support Files/Pods-myinsta/Pods-myinsta.release.xcconfig"; sourceTree = "<group>"; };
		BA2E1A511E618D170097892A /* ProfileViewController.swift */ = {isa = PBXFileReference; fileEncoding = 4; lastKnownFileType = sourcecode.swift; path = ProfileViewController.swift; sourceTree = "<group>"; };
		BA2E1A531E618D310097892A /* ProfilePresenter.swift */ = {isa = PBXFileReference; fileEncoding = 4; lastKnownFileType = sourcecode.swift; path = ProfilePresenter.swift; sourceTree = "<group>"; };
		BA2E1A551E618D420097892A /* ProfileRouter.swift */ = {isa = PBXFileReference; fileEncoding = 4; lastKnownFileType = sourcecode.swift; path = ProfileRouter.swift; sourceTree = "<group>"; };
		BA2E1A581E6195EA0097892A /* UIViewControllerExtension.swift */ = {isa = PBXFileReference; fileEncoding = 4; lastKnownFileType = sourcecode.swift; path = UIViewControllerExtension.swift; sourceTree = "<group>"; };
		BA2E1A5A1E6196250097892A /* Localizable.strings */ = {isa = PBXFileReference; fileEncoding = 4; lastKnownFileType = text.plist.strings; path = Localizable.strings; sourceTree = "<group>"; };
		BA2E1A5C1E61A0B20097892A /* GetUserInfoInteractor.swift */ = {isa = PBXFileReference; fileEncoding = 4; lastKnownFileType = sourcecode.swift; path = GetUserInfoInteractor.swift; sourceTree = "<group>"; };
		BA2E1A5E1E61A1420097892A /* UserInfoResponseEntity.swift */ = {isa = PBXFileReference; fileEncoding = 4; lastKnownFileType = sourcecode.swift; path = UserInfoResponseEntity.swift; sourceTree = "<group>"; };
		BA2E1A601E61A17F0097892A /* UserInfoEntity.swift */ = {isa = PBXFileReference; fileEncoding = 4; lastKnownFileType = sourcecode.swift; path = UserInfoEntity.swift; sourceTree = "<group>"; };
		BA2E1A621E61A2160097892A /* UserInfoCountEntity.swift */ = {isa = PBXFileReference; fileEncoding = 4; lastKnownFileType = sourcecode.swift; path = UserInfoCountEntity.swift; sourceTree = "<group>"; };
		BA2E1A641E61D98E0097892A /* UIImageViewExtension.swift */ = {isa = PBXFileReference; fileEncoding = 4; lastKnownFileType = sourcecode.swift; path = UIImageViewExtension.swift; sourceTree = "<group>"; };
		BADB493A1E6066C900278A4D /* myinsta.app */ = {isa = PBXFileReference; explicitFileType = wrapper.application; includeInIndex = 0; path = myinsta.app; sourceTree = BUILT_PRODUCTS_DIR; };
		BADB493D1E6066C900278A4D /* AppDelegate.swift */ = {isa = PBXFileReference; lastKnownFileType = sourcecode.swift; path = AppDelegate.swift; sourceTree = "<group>"; };
		BADB493F1E6066C900278A4D /* LoginViewController.swift */ = {isa = PBXFileReference; lastKnownFileType = sourcecode.swift; path = LoginViewController.swift; sourceTree = "<group>"; };
		BADB49421E6066C900278A4D /* Base */ = {isa = PBXFileReference; lastKnownFileType = file.storyboard; name = Base; path = Base.lproj/Main.storyboard; sourceTree = "<group>"; };
		BADB49441E6066C900278A4D /* Assets.xcassets */ = {isa = PBXFileReference; lastKnownFileType = folder.assetcatalog; path = Assets.xcassets; sourceTree = "<group>"; };
		BADB49471E6066C900278A4D /* Base */ = {isa = PBXFileReference; lastKnownFileType = file.storyboard; name = Base; path = Base.lproj/LaunchScreen.storyboard; sourceTree = "<group>"; };
		BADB49491E6066C900278A4D /* Info.plist */ = {isa = PBXFileReference; lastKnownFileType = text.plist.xml; path = Info.plist; sourceTree = "<group>"; };
		BADB49551E607B1000278A4D /* RetreiveTokenInteractor.swift */ = {isa = PBXFileReference; fileEncoding = 4; lastKnownFileType = sourcecode.swift; path = RetreiveTokenInteractor.swift; sourceTree = "<group>"; };
		BADB49571E607B2B00278A4D /* LoginRouter.swift */ = {isa = PBXFileReference; fileEncoding = 4; lastKnownFileType = sourcecode.swift; path = LoginRouter.swift; sourceTree = "<group>"; };
		BADB495A1E607FF200278A4D /* GlobalViewController.swift */ = {isa = PBXFileReference; fileEncoding = 4; lastKnownFileType = sourcecode.swift; path = GlobalViewController.swift; sourceTree = "<group>"; };
		BADB495D1E60808900278A4D /* MIChart.swift */ = {isa = PBXFileReference; fileEncoding = 4; lastKnownFileType = sourcecode.swift; path = MIChart.swift; sourceTree = "<group>"; };
		BADB495F1E60831A00278A4D /* Constantes.swift */ = {isa = PBXFileReference; fileEncoding = 4; lastKnownFileType = sourcecode.swift; path = Constantes.swift; sourceTree = "<group>"; };
		BADB49611E60833F00278A4D /* LoginPresenter.swift */ = {isa = PBXFileReference; fileEncoding = 4; lastKnownFileType = sourcecode.swift; path = LoginPresenter.swift; sourceTree = "<group>"; };
		BADB49631E60845100278A4D /* GlobalRouter.swift */ = {isa = PBXFileReference; fileEncoding = 4; lastKnownFileType = sourcecode.swift; path = GlobalRouter.swift; sourceTree = "<group>"; };
		BADB49671E60884700278A4D /* InstagramService.swift */ = {isa = PBXFileReference; fileEncoding = 4; lastKnownFileType = sourcecode.swift; path = InstagramService.swift; sourceTree = "<group>"; };
		BADB49691E608A2400278A4D /* Environment.swift */ = {isa = PBXFileReference; fileEncoding = 4; lastKnownFileType = sourcecode.swift; path = Environment.swift; sourceTree = "<group>"; };
		BADB496B1E608D9000278A4D /* ServicesManager.swift */ = {isa = PBXFileReference; fileEncoding = 4; lastKnownFileType = sourcecode.swift; path = ServicesManager.swift; sourceTree = "<group>"; };
		BADB496D1E609CC700278A4D /* UserDefaultsManager.swift */ = {isa = PBXFileReference; fileEncoding = 4; lastKnownFileType = sourcecode.swift; path = UserDefaultsManager.swift; sourceTree = "<group>"; };
		BADB496F1E609E0C00278A4D /* StringExtension.swift */ = {isa = PBXFileReference; fileEncoding = 4; lastKnownFileType = sourcecode.swift; path = StringExtension.swift; sourceTree = "<group>"; };
/* End PBXFileReference section */

/* Begin PBXFrameworksBuildPhase section */
		BADB49371E6066C900278A4D /* Frameworks */ = {
			isa = PBXFrameworksBuildPhase;
			buildActionMask = 2147483647;
			files = (
				CC05A59DF6BEBD2C176704D5 /* Pods_myinsta.framework in Frameworks */,
			);
			runOnlyForDeploymentPostprocessing = 0;
		};
/* End PBXFrameworksBuildPhase section */

/* Begin PBXGroup section */
		B07815E4E3F18B65D6FA9C2C /* Frameworks */ = {
			isa = PBXGroup;
			children = (
				70A11621BAF196829456C43E /* Pods_myinsta.framework */,
			);
			name = Frameworks;
			sourceTree = "<group>";
		};
		BA2E1A4B1E618CCF0097892A /* Profile */ = {
			isa = PBXGroup;
			children = (
				BA2E1A501E618CFF0097892A /* View */,
				BA2E1A4F1E618CFB0097892A /* Interactor */,
				BA2E1A4E1E618CF60097892A /* Presenter */,
				BA2E1A4D1E618CF10097892A /* Entity */,
				BA2E1A4C1E618CE90097892A /* Router */,
			);
			name = Profile;
			sourceTree = "<group>";
		};
		BA2E1A4C1E618CE90097892A /* Router */ = {
			isa = PBXGroup;
			children = (
				BA2E1A551E618D420097892A /* ProfileRouter.swift */,
			);
			name = Router;
			sourceTree = "<group>";
		};
		BA2E1A4D1E618CF10097892A /* Entity */ = {
			isa = PBXGroup;
			children = (
				BA2E1A5E1E61A1420097892A /* UserInfoResponseEntity.swift */,
				BA2E1A601E61A17F0097892A /* UserInfoEntity.swift */,
				BA2E1A621E61A2160097892A /* UserInfoCountEntity.swift */,
			);
			name = Entity;
			sourceTree = "<group>";
		};
		BA2E1A4E1E618CF60097892A /* Presenter */ = {
			isa = PBXGroup;
			children = (
				BA2E1A531E618D310097892A /* ProfilePresenter.swift */,
			);
			name = Presenter;
			sourceTree = "<group>";
		};
		BA2E1A4F1E618CFB0097892A /* Interactor */ = {
			isa = PBXGroup;
			children = (
				BA2E1A5C1E61A0B20097892A /* GetUserInfoInteractor.swift */,
			);
			name = Interactor;
			sourceTree = "<group>";
		};
		BA2E1A501E618CFF0097892A /* View */ = {
			isa = PBXGroup;
			children = (
				BA2E1A511E618D170097892A /* ProfileViewController.swift */,
			);
			name = View;
			sourceTree = "<group>";
		};
		BA2E1A571E6195C50097892A /* Extensions */ = {
			isa = PBXGroup;
			children = (
				BADB496F1E609E0C00278A4D /* StringExtension.swift */,
				BA2E1A581E6195EA0097892A /* UIViewControllerExtension.swift */,
				BA2E1A641E61D98E0097892A /* UIImageViewExtension.swift */,
			);
			name = Extensions;
			sourceTree = "<group>";
		};
		BADB49311E6066C800278A4D = {
			isa = PBXGroup;
			children = (
				BADB493C1E6066C900278A4D /* myinsta */,
				BADB493B1E6066C900278A4D /* Products */,
				CF8D2BBC5FB1C4ED25EC9ABC /* Pods */,
				B07815E4E3F18B65D6FA9C2C /* Frameworks */,
			);
			sourceTree = "<group>";
		};
		BADB493B1E6066C900278A4D /* Products */ = {
			isa = PBXGroup;
			children = (
				BADB493A1E6066C900278A4D /* myinsta.app */,
			);
			name = Products;
			sourceTree = "<group>";
		};
		BADB493C1E6066C900278A4D /* myinsta */ = {
			isa = PBXGroup;
			children = (
				BADB49591E607FD800278A4D /* Common */,
				BADB494F1E6075FB00278A4D /* Login */,
				BA2E1A4B1E618CCF0097892A /* Profile */,
				BADB493D1E6066C900278A4D /* AppDelegate.swift */,
				BADB49411E6066C900278A4D /* Main.storyboard */,
				BADB49441E6066C900278A4D /* Assets.xcassets */,
				BADB49461E6066C900278A4D /* LaunchScreen.storyboard */,
				BADB49491E6066C900278A4D /* Info.plist */,
				BA2E1A5A1E6196250097892A /* Localizable.strings */,
			);
			path = myinsta;
			sourceTree = "<group>";
		};
		BADB494F1E6075FB00278A4D /* Login */ = {
			isa = PBXGroup;
			children = (
				BADB49541E60763000278A4D /* View */,
				BADB49531E60762500278A4D /* Interactor */,
				BADB49521E60762000278A4D /* Presenter */,
				BADB49511E60760C00278A4D /* Entity */,
				BADB49501E60760500278A4D /* Router */,
			);
			name = Login;
			sourceTree = "<group>";
		};
		BADB49501E60760500278A4D /* Router */ = {
			isa = PBXGroup;
			children = (
				BADB49571E607B2B00278A4D /* LoginRouter.swift */,
			);
			name = Router;
			sourceTree = "<group>";
		};
		BADB49511E60760C00278A4D /* Entity */ = {
			isa = PBXGroup;
			children = (
			);
			name = Entity;
			sourceTree = "<group>";
		};
		BADB49521E60762000278A4D /* Presenter */ = {
			isa = PBXGroup;
			children = (
				BADB49611E60833F00278A4D /* LoginPresenter.swift */,
			);
			name = Presenter;
			sourceTree = "<group>";
		};
		BADB49531E60762500278A4D /* Interactor */ = {
			isa = PBXGroup;
			children = (
				BADB49551E607B1000278A4D /* RetreiveTokenInteractor.swift */,
			);
			name = Interactor;
			sourceTree = "<group>";
		};
		BADB49541E60763000278A4D /* View */ = {
			isa = PBXGroup;
			children = (
				BADB493F1E6066C900278A4D /* LoginViewController.swift */,
			);
			name = View;
			sourceTree = "<group>";
		};
		BADB49591E607FD800278A4D /* Common */ = {
			isa = PBXGroup;
			children = (
				BADB49651E60882F00278A4D /* Services */,
				BADB495C1E60806E00278A4D /* Global */,
				BA2E1A571E6195C50097892A /* Extensions */,
				BADB495D1E60808900278A4D /* MIChart.swift */,
				BADB495F1E60831A00278A4D /* Constantes.swift */,
				BADB49691E608A2400278A4D /* Environment.swift */,
				BADB496D1E609CC700278A4D /* UserDefaultsManager.swift */,
			);
			name = Common;
			sourceTree = "<group>";
		};
		BADB495C1E60806E00278A4D /* Global */ = {
			isa = PBXGroup;
			children = (
				BADB495A1E607FF200278A4D /* GlobalViewController.swift */,
				BADB49631E60845100278A4D /* GlobalRouter.swift */,
			);
			name = Global;
			sourceTree = "<group>";
		};
		BADB49651E60882F00278A4D /* Services */ = {
			isa = PBXGroup;
			children = (
				BADB49661E60883700278A4D /* Instagram */,
				BADB496B1E608D9000278A4D /* ServicesManager.swift */,
			);
			name = Services;
			sourceTree = "<group>";
		};
		BADB49661E60883700278A4D /* Instagram */ = {
			isa = PBXGroup;
			children = (
				BADB49671E60884700278A4D /* InstagramService.swift */,
			);
			name = Instagram;
			sourceTree = "<group>";
		};
		CF8D2BBC5FB1C4ED25EC9ABC /* Pods */ = {
			isa = PBXGroup;
			children = (
				19ED76B48732932163E03BF5 /* Pods-myinsta.debug.xcconfig */,
				B2274D45D9A4B2F19ABC8651 /* Pods-myinsta.release.xcconfig */,
			);
			name = Pods;
			sourceTree = "<group>";
		};
/* End PBXGroup section */

/* Begin PBXNativeTarget section */
		BADB49391E6066C900278A4D /* myinsta */ = {
			isa = PBXNativeTarget;
			buildConfigurationList = BADB494C1E6066C900278A4D /* Build configuration list for PBXNativeTarget "myinsta" */;
			buildPhases = (
				1460509FBF78F1CD5790C840 /* [CP] Check Pods Manifest.lock */,
				BADB49361E6066C900278A4D /* Sources */,
				BADB49371E6066C900278A4D /* Frameworks */,
				BADB49381E6066C900278A4D /* Resources */,
				27F8EC757699A1DA974DDDC9 /* [CP] Embed Pods Frameworks */,
				9BE5BD99FEF42F2F4E5DA14D /* [CP] Copy Pods Resources */,
			);
			buildRules = (
			);
			dependencies = (
			);
			name = myinsta;
			productName = myinsta;
			productReference = BADB493A1E6066C900278A4D /* myinsta.app */;
			productType = "com.apple.product-type.application";
		};
/* End PBXNativeTarget section */

/* Begin PBXProject section */
		BADB49321E6066C800278A4D /* Project object */ = {
			isa = PBXProject;
			attributes = {
				LastSwiftUpdateCheck = 0820;
				LastUpgradeCheck = 0820;
				ORGANIZATIONNAME = "Jérôme Cha";
				TargetAttributes = {
					BADB49391E6066C900278A4D = {
						CreatedOnToolsVersion = 8.2.1;
						DevelopmentTeam = DKZ4T4EY3Y;
						ProvisioningStyle = Automatic;
					};
				};
			};
			buildConfigurationList = BADB49351E6066C800278A4D /* Build configuration list for PBXProject "myinsta" */;
			compatibilityVersion = "Xcode 3.2";
			developmentRegion = English;
			hasScannedForEncodings = 0;
			knownRegions = (
				en,
				Base,
			);
			mainGroup = BADB49311E6066C800278A4D;
			productRefGroup = BADB493B1E6066C900278A4D /* Products */;
			projectDirPath = "";
			projectRoot = "";
			targets = (
				BADB49391E6066C900278A4D /* myinsta */,
			);
		};
/* End PBXProject section */

/* Begin PBXResourcesBuildPhase section */
		BADB49381E6066C900278A4D /* Resources */ = {
			isa = PBXResourcesBuildPhase;
			buildActionMask = 2147483647;
			files = (
				BADB49481E6066C900278A4D /* LaunchScreen.storyboard in Resources */,
				BA2E1A5B1E6196250097892A /* Localizable.strings in Resources */,
				BADB49451E6066C900278A4D /* Assets.xcassets in Resources */,
				BADB49431E6066C900278A4D /* Main.storyboard in Resources */,
			);
			runOnlyForDeploymentPostprocessing = 0;
		};
/* End PBXResourcesBuildPhase section */

/* Begin PBXShellScriptBuildPhase section */
		1460509FBF78F1CD5790C840 /* [CP] Check Pods Manifest.lock */ = {
			isa = PBXShellScriptBuildPhase;
			buildActionMask = 2147483647;
			files = (
			);
			inputPaths = (
			);
			name = "[CP] Check Pods Manifest.lock";
			outputPaths = (
			);
			runOnlyForDeploymentPostprocessing = 0;
			shellPath = /bin/sh;
			shellScript = "diff \"${PODS_ROOT}/../Podfile.lock\" \"${PODS_ROOT}/Manifest.lock\" > /dev/null\nif [ $? != 0 ] ; then\n    # print error to STDERR\n    echo \"error: The sandbox is not in sync with the Podfile.lock. Run 'pod install' or update your CocoaPods installation.\" >&2\n    exit 1\nfi\n";
			showEnvVarsInLog = 0;
		};
		27F8EC757699A1DA974DDDC9 /* [CP] Embed Pods Frameworks */ = {
			isa = PBXShellScriptBuildPhase;
			buildActionMask = 2147483647;
			files = (
			);
			inputPaths = (
			);
			name = "[CP] Embed Pods Frameworks";
			outputPaths = (
			);
			runOnlyForDeploymentPostprocessing = 0;
			shellPath = /bin/sh;
			shellScript = "\"${SRCROOT}/Pods/Target Support Files/Pods-myinsta/Pods-myinsta-frameworks.sh\"\n";
			showEnvVarsInLog = 0;
		};
		9BE5BD99FEF42F2F4E5DA14D /* [CP] Copy Pods Resources */ = {
			isa = PBXShellScriptBuildPhase;
			buildActionMask = 2147483647;
			files = (
			);
			inputPaths = (
			);
			name = "[CP] Copy Pods Resources";
			outputPaths = (
			);
			runOnlyForDeploymentPostprocessing = 0;
			shellPath = /bin/sh;
			shellScript = "\"${SRCROOT}/Pods/Target Support Files/Pods-myinsta/Pods-myinsta-resources.sh\"\n";
			showEnvVarsInLog = 0;
		};
/* End PBXShellScriptBuildPhase section */

/* Begin PBXSourcesBuildPhase section */
		BADB49361E6066C900278A4D /* Sources */ = {
			isa = PBXSourcesBuildPhase;
			buildActionMask = 2147483647;
			files = (
				BADB49621E60833F00278A4D /* LoginPresenter.swift in Sources */,
				BADB495E1E60808900278A4D /* MIChart.swift in Sources */,
				BA2E1A591E6195EA0097892A /* UIViewControllerExtension.swift in Sources */,
				BA2E1A631E61A2160097892A /* UserInfoCountEntity.swift in Sources */,
				BADB49401E6066C900278A4D /* LoginViewController.swift in Sources */,
				BADB496E1E609CC700278A4D /* UserDefaultsManager.swift in Sources */,
				BADB496C1E608D9000278A4D /* ServicesManager.swift in Sources */,
				BA2E1A521E618D170097892A /* ProfileViewController.swift in Sources */,
				BADB493E1E6066C900278A4D /* AppDelegate.swift in Sources */,
				BADB49581E607B2B00278A4D /* LoginRouter.swift in Sources */,
				BA2E1A561E618D420097892A /* ProfileRouter.swift in Sources */,
				BA2E1A611E61A17F0097892A /* UserInfoEntity.swift in Sources */,
				BA2E1A5F1E61A1420097892A /* UserInfoResponseEntity.swift in Sources */,
				BADB495B1E607FF200278A4D /* GlobalViewController.swift in Sources */,
				BADB49701E609E0C00278A4D /* StringExtension.swift in Sources */,
				BADB49681E60884700278A4D /* InstagramService.swift in Sources */,
				BADB496A1E608A2400278A4D /* Environment.swift in Sources */,
				BA2E1A651E61D98E0097892A /* UIImageViewExtension.swift in Sources */,
				BADB49641E60845100278A4D /* GlobalRouter.swift in Sources */,
				BADB49601E60831A00278A4D /* Constantes.swift in Sources */,
				BADB49561E607B1000278A4D /* RetreiveTokenInteractor.swift in Sources */,
				BA2E1A5D1E61A0B20097892A /* GetUserInfoInteractor.swift in Sources */,
				BA2E1A541E618D310097892A /* ProfilePresenter.swift in Sources */,
			);
			runOnlyForDeploymentPostprocessing = 0;
		};
/* End PBXSourcesBuildPhase section */

/* Begin PBXVariantGroup section */
		BADB49411E6066C900278A4D /* Main.storyboard */ = {
			isa = PBXVariantGroup;
			children = (
				BADB49421E6066C900278A4D /* Base */,
			);
			name = Main.storyboard;
			sourceTree = "<group>";
		};
		BADB49461E6066C900278A4D /* LaunchScreen.storyboard */ = {
			isa = PBXVariantGroup;
			children = (
				BADB49471E6066C900278A4D /* Base */,
			);
			name = LaunchScreen.storyboard;
			sourceTree = "<group>";
		};
/* End PBXVariantGroup section */

/* Begin XCBuildConfiguration section */
		BADB494A1E6066C900278A4D /* Debug */ = {
			isa = XCBuildConfiguration;
			buildSettings = {
				ALWAYS_SEARCH_USER_PATHS = NO;
				CLANG_ANALYZER_NONNULL = YES;
				CLANG_CXX_LANGUAGE_STANDARD = "gnu++0x";
				CLANG_CXX_LIBRARY = "libc++";
				CLANG_ENABLE_MODULES = YES;
				CLANG_ENABLE_OBJC_ARC = YES;
				CLANG_WARN_BOOL_CONVERSION = YES;
				CLANG_WARN_CONSTANT_CONVERSION = YES;
				CLANG_WARN_DIRECT_OBJC_ISA_USAGE = YES_ERROR;
				CLANG_WARN_DOCUMENTATION_COMMENTS = YES;
				CLANG_WARN_EMPTY_BODY = YES;
				CLANG_WARN_ENUM_CONVERSION = YES;
				CLANG_WARN_INFINITE_RECURSION = YES;
				CLANG_WARN_INT_CONVERSION = YES;
				CLANG_WARN_OBJC_ROOT_CLASS = YES_ERROR;
				CLANG_WARN_SUSPICIOUS_MOVE = YES;
				CLANG_WARN_UNREACHABLE_CODE = YES;
				CLANG_WARN__DUPLICATE_METHOD_MATCH = YES;
				"CODE_SIGN_IDENTITY[sdk=iphoneos*]" = "iPhone Developer";
				COPY_PHASE_STRIP = NO;
				DEBUG_INFORMATION_FORMAT = dwarf;
				ENABLE_STRICT_OBJC_MSGSEND = YES;
				ENABLE_TESTABILITY = YES;
				GCC_C_LANGUAGE_STANDARD = gnu99;
				GCC_DYNAMIC_NO_PIC = NO;
				GCC_NO_COMMON_BLOCKS = YES;
				GCC_OPTIMIZATION_LEVEL = 0;
				GCC_PREPROCESSOR_DEFINITIONS = (
					"DEBUG=1",
					"$(inherited)",
				);
				GCC_WARN_64_TO_32_BIT_CONVERSION = YES;
				GCC_WARN_ABOUT_RETURN_TYPE = YES_ERROR;
				GCC_WARN_UNDECLARED_SELECTOR = YES;
				GCC_WARN_UNINITIALIZED_AUTOS = YES_AGGRESSIVE;
				GCC_WARN_UNUSED_FUNCTION = YES;
				GCC_WARN_UNUSED_VARIABLE = YES;
				IPHONEOS_DEPLOYMENT_TARGET = 10.2;
				MTL_ENABLE_DEBUG_INFO = YES;
				ONLY_ACTIVE_ARCH = YES;
				SDKROOT = iphoneos;
				SWIFT_ACTIVE_COMPILATION_CONDITIONS = DEBUG;
				SWIFT_OPTIMIZATION_LEVEL = "-Onone";
			};
			name = Debug;
		};
		BADB494B1E6066C900278A4D /* Release */ = {
			isa = XCBuildConfiguration;
			buildSettings = {
				ALWAYS_SEARCH_USER_PATHS = NO;
				CLANG_ANALYZER_NONNULL = YES;
				CLANG_CXX_LANGUAGE_STANDARD = "gnu++0x";
				CLANG_CXX_LIBRARY = "libc++";
				CLANG_ENABLE_MODULES = YES;
				CLANG_ENABLE_OBJC_ARC = YES;
				CLANG_WARN_BOOL_CONVERSION = YES;
				CLANG_WARN_CONSTANT_CONVERSION = YES;
				CLANG_WARN_DIRECT_OBJC_ISA_USAGE = YES_ERROR;
				CLANG_WARN_DOCUMENTATION_COMMENTS = YES;
				CLANG_WARN_EMPTY_BODY = YES;
				CLANG_WARN_ENUM_CONVERSION = YES;
				CLANG_WARN_INFINITE_RECURSION = YES;
				CLANG_WARN_INT_CONVERSION = YES;
				CLANG_WARN_OBJC_ROOT_CLASS = YES_ERROR;
				CLANG_WARN_SUSPICIOUS_MOVE = YES;
				CLANG_WARN_UNREACHABLE_CODE = YES;
				CLANG_WARN__DUPLICATE_METHOD_MATCH = YES;
				"CODE_SIGN_IDENTITY[sdk=iphoneos*]" = "iPhone Developer";
				COPY_PHASE_STRIP = NO;
				DEBUG_INFORMATION_FORMAT = "dwarf-with-dsym";
				ENABLE_NS_ASSERTIONS = NO;
				ENABLE_STRICT_OBJC_MSGSEND = YES;
				GCC_C_LANGUAGE_STANDARD = gnu99;
				GCC_NO_COMMON_BLOCKS = YES;
				GCC_WARN_64_TO_32_BIT_CONVERSION = YES;
				GCC_WARN_ABOUT_RETURN_TYPE = YES_ERROR;
				GCC_WARN_UNDECLARED_SELECTOR = YES;
				GCC_WARN_UNINITIALIZED_AUTOS = YES_AGGRESSIVE;
				GCC_WARN_UNUSED_FUNCTION = YES;
				GCC_WARN_UNUSED_VARIABLE = YES;
				IPHONEOS_DEPLOYMENT_TARGET = 10.2;
				MTL_ENABLE_DEBUG_INFO = NO;
				SDKROOT = iphoneos;
				SWIFT_OPTIMIZATION_LEVEL = "-Owholemodule";
				VALIDATE_PRODUCT = YES;
			};
			name = Release;
		};
		BADB494D1E6066C900278A4D /* Debug */ = {
			isa = XCBuildConfiguration;
			baseConfigurationReference = 19ED76B48732932163E03BF5 /* Pods-myinsta.debug.xcconfig */;
			buildSettings = {
				ASSETCATALOG_COMPILER_APPICON_NAME = AppIcon;
				DEVELOPMENT_TEAM = DKZ4T4EY3Y;
				INFOPLIST_FILE = myinsta/Info.plist;
				LD_RUNPATH_SEARCH_PATHS = "$(inherited) @executable_path/Frameworks";
				PRODUCT_BUNDLE_IDENTIFIER = com.jerome.myinsta;
				PRODUCT_NAME = "$(TARGET_NAME)";
				SWIFT_VERSION = 3.0;
			};
			name = Debug;
		};
		BADB494E1E6066C900278A4D /* Release */ = {
			isa = XCBuildConfiguration;
			baseConfigurationReference = B2274D45D9A4B2F19ABC8651 /* Pods-myinsta.release.xcconfig */;
			buildSettings = {
				ASSETCATALOG_COMPILER_APPICON_NAME = AppIcon;
				DEVELOPMENT_TEAM = DKZ4T4EY3Y;
				INFOPLIST_FILE = myinsta/Info.plist;
				LD_RUNPATH_SEARCH_PATHS = "$(inherited) @executable_path/Frameworks";
				PRODUCT_BUNDLE_IDENTIFIER = com.jerome.myinsta;
				PRODUCT_NAME = "$(TARGET_NAME)";
				SWIFT_VERSION = 3.0;
			};
			name = Release;
		};
/* End XCBuildConfiguration section */

/* Begin XCConfigurationList section */
		BADB49351E6066C800278A4D /* Build configuration list for PBXProject "myinsta" */ = {
			isa = XCConfigurationList;
			buildConfigurations = (
				BADB494A1E6066C900278A4D /* Debug */,
				BADB494B1E6066C900278A4D /* Release */,
			);
			defaultConfigurationIsVisible = 0;
			defaultConfigurationName = Release;
		};
		BADB494C1E6066C900278A4D /* Build configuration list for PBXNativeTarget "myinsta" */ = {
			isa = XCConfigurationList;
			buildConfigurations = (
				BADB494D1E6066C900278A4D /* Debug */,
				BADB494E1E6066C900278A4D /* Release */,
			);
			defaultConfigurationIsVisible = 0;
			defaultConfigurationName = Release;
		};
/* End XCConfigurationList section */
	};
	rootObject = BADB49321E6066C800278A4D /* Project object */;
}
